// !$*UTF8*$!
{
	archiveVersion = 1;
	classes = {
	};
	objectVersion = 56;
	objects = {

/* Begin PBXBuildFile section */
		AD91FB2C2A01C2210058A85D /* AppDelegate.swift in Sources */ = {isa = PBXBuildFile; fileRef = AD91FB2B2A01C2210058A85D /* AppDelegate.swift */; };
		AD91FB2E2A01C2210058A85D /* SceneDelegate.swift in Sources */ = {isa = PBXBuildFile; fileRef = AD91FB2D2A01C2210058A85D /* SceneDelegate.swift */; };
		AD91FB302A01C2210058A85D /* ViewController.swift in Sources */ = {isa = PBXBuildFile; fileRef = AD91FB2F2A01C2210058A85D /* ViewController.swift */; };
		AD91FB332A01C2210058A85D /* Main.storyboard in Resources */ = {isa = PBXBuildFile; fileRef = AD91FB312A01C2210058A85D /* Main.storyboard */; };
		AD91FB352A01C2220058A85D /* Assets.xcassets in Resources */ = {isa = PBXBuildFile; fileRef = AD91FB342A01C2220058A85D /* Assets.xcassets */; };
		AD91FB382A01C2220058A85D /* LaunchScreen.storyboard in Resources */ = {isa = PBXBuildFile; fileRef = AD91FB362A01C2220058A85D /* LaunchScreen.storyboard */; };
		AD91FB402A0300FD0058A85D /* ship.scn in Resources */ = {isa = PBXBuildFile; fileRef = AD91FB3F2A0300FD0058A85D /* ship.scn */; };
		AD91FB422A03012A0058A85D /* texture.png in Resources */ = {isa = PBXBuildFile; fileRef = AD91FB412A03012A0058A85D /* texture.png */; };
/* End PBXBuildFile section */

/* Begin PBXFileReference section */
		AD91FB282A01C2210058A85D /* MeasurementApp.app */ = {isa = PBXFileReference; explicitFileType = wrapper.application; includeInIndex = 0; path = MeasurementApp.app; sourceTree = BUILT_PRODUCTS_DIR; };
		AD91FB2B2A01C2210058A85D /* AppDelegate.swift */ = {isa = PBXFileReference; lastKnownFileType = sourcecode.swift; path = AppDelegate.swift; sourceTree = "<group>"; };
		AD91FB2D2A01C2210058A85D /* SceneDelegate.swift */ = {isa = PBXFileReference; lastKnownFileType = sourcecode.swift; path = SceneDelegate.swift; sourceTree = "<group>"; };
		AD91FB2F2A01C2210058A85D /* ViewController.swift */ = {isa = PBXFileReference; lastKnownFileType = sourcecode.swift; path = ViewController.swift; sourceTree = "<group>"; };
		AD91FB322A01C2210058A85D /* Base */ = {isa = PBXFileReference; lastKnownFileType = file.storyboard; name = Base; path = Base.lproj/Main.storyboard; sourceTree = "<group>"; };
		AD91FB342A01C2220058A85D /* Assets.xcassets */ = {isa = PBXFileReference; lastKnownFileType = folder.assetcatalog; path = Assets.xcassets; sourceTree = "<group>"; };
		AD91FB372A01C2220058A85D /* Base */ = {isa = PBXFileReference; lastKnownFileType = file.storyboard; name = Base; path = Base.lproj/LaunchScreen.storyboard; sourceTree = "<group>"; };
		AD91FB392A01C2220058A85D /* Info.plist */ = {isa = PBXFileReference; lastKnownFileType = text.plist.xml; path = Info.plist; sourceTree = "<group>"; };
		AD91FB3F2A0300FD0058A85D /* ship.scn */ = {isa = PBXFileReference; lastKnownFileType = file.bplist; path = ship.scn; sourceTree = "<group>"; };
		AD91FB412A03012A0058A85D /* texture.png */ = {isa = PBXFileReference; lastKnownFileType = image.png; path = texture.png; sourceTree = "<group>"; };
/* End PBXFileReference section */

/* Begin PBXFrameworksBuildPhase section */
		AD91FB252A01C2210058A85D /* Frameworks */ = {
			isa = PBXFrameworksBuildPhase;
			buildActionMask = 2147483647;
			files = (
			);
			runOnlyForDeploymentPostprocessing = 0;
		};
/* End PBXFrameworksBuildPhase section */

/* Begin PBXGroup section */
		AD91FB1F2A01C2210058A85D = {
			isa = PBXGroup;
			children = (
				AD91FB2A2A01C2210058A85D /* MeasurementApp */,
				AD91FB292A01C2210058A85D /* Products */,
			);
			sourceTree = "<group>";
		};
		AD91FB292A01C2210058A85D /* Products */ = {
			isa = PBXGroup;
			children = (
				AD91FB282A01C2210058A85D /* MeasurementApp.app */,
			);
			name = Products;
			sourceTree = "<group>";
		};
		AD91FB2A2A01C2210058A85D /* MeasurementApp */ = {
			isa = PBXGroup;
			children = (
				AD91FB432A0301420058A85D /* art.snassets */,
				AD91FB2B2A01C2210058A85D /* AppDelegate.swift */,
				AD91FB2D2A01C2210058A85D /* SceneDelegate.swift */,
				AD91FB2F2A01C2210058A85D /* ViewController.swift */,
				AD91FB312A01C2210058A85D /* Main.storyboard */,
				AD91FB342A01C2220058A85D /* Assets.xcassets */,
				AD91FB362A01C2220058A85D /* LaunchScreen.storyboard */,
				AD91FB392A01C2220058A85D /* Info.plist */,
			);
			path = MeasurementApp;
			sourceTree = "<group>";
		};
		AD91FB432A0301420058A85D /* art.snassets */ = {
			isa = PBXGroup;
			children = (
				AD91FB3F2A0300FD0058A85D /* ship.scn */,
				AD91FB412A03012A0058A85D /* texture.png */,
			);
			path = art.snassets;
			sourceTree = "<group>";
		};
/* End PBXGroup section */

/* Begin PBXNativeTarget section */
		AD91FB272A01C2210058A85D /* MeasurementApp */ = {
			isa = PBXNativeTarget;
			buildConfigurationList = AD91FB3C2A01C2220058A85D /* Build configuration list for PBXNativeTarget "MeasurementApp" */;
			buildPhases = (
				AD91FB242A01C2210058A85D /* Sources */,
				AD91FB252A01C2210058A85D /* Frameworks */,
				AD91FB262A01C2210058A85D /* Resources */,
			);
			buildRules = (
			);
			dependencies = (
			);
			name = MeasurementApp;
			productName = MeasurementApp;
			productReference = AD91FB282A01C2210058A85D /* MeasurementApp.app */;
			productType = "com.apple.product-type.application";
		};
/* End PBXNativeTarget section */

/* Begin PBXProject section */
		AD91FB202A01C2210058A85D /* Project object */ = {
			isa = PBXProject;
			attributes = {
				BuildIndependentTargetsInParallel = 1;
				LastSwiftUpdateCheck = 1430;
				LastUpgradeCheck = 1430;
				TargetAttributes = {
					AD91FB272A01C2210058A85D = {
						CreatedOnToolsVersion = 14.3;
					};
				};
			};
			buildConfigurationList = AD91FB232A01C2210058A85D /* Build configuration list for PBXProject "MeasurementApp" */;
			compatibilityVersion = "Xcode 14.0";
			developmentRegion = en;
			hasScannedForEncodings = 0;
			knownRegions = (
				en,
				Base,
			);
			mainGroup = AD91FB1F2A01C2210058A85D;
			productRefGroup = AD91FB292A01C2210058A85D /* Products */;
			projectDirPath = "";
			projectRoot = "";
			targets = (
				AD91FB272A01C2210058A85D /* MeasurementApp */,
			);
		};
/* End PBXProject section */

/* Begin PBXResourcesBuildPhase section */
		AD91FB262A01C2210058A85D /* Resources */ = {
			isa = PBXResourcesBuildPhase;
			buildActionMask = 2147483647;
			files = (
				AD91FB422A03012A0058A85D /* texture.png in Resources */,
				AD91FB382A01C2220058A85D /* LaunchScreen.storyboard in Resources */,
				AD91FB352A01C2220058A85D /* Assets.xcassets in Resources */,
				AD91FB402A0300FD0058A85D /* ship.scn in Resources */,
				AD91FB332A01C2210058A85D /* Main.storyboard in Resources */,
			);
			runOnlyForDeploymentPostprocessing = 0;
		};
/* End PBXResourcesBuildPhase section */

/* Begin PBXSourcesBuildPhase section */
		AD91FB242A01C2210058A85D /* Sources */ = {
			isa = PBXSourcesBuildPhase;
			buildActionMask = 2147483647;
			files = (
				AD91FB302A01C2210058A85D /* ViewController.swift in Sources */,
				AD91FB2C2A01C2210058A85D /* AppDelegate.swift in Sources */,
				AD91FB2E2A01C2210058A85D /* SceneDelegate.swift in Sources */,
			);
			runOnlyForDeploymentPostprocessing = 0;
		};
/* End PBXSourcesBuildPhase section */

/* Begin PBXVariantGroup section */
		AD91FB312A01C2210058A85D /* Main.storyboard */ = {
			isa = PBXVariantGroup;
			children = (
				AD91FB322A01C2210058A85D /* Base */,
			);
			name = Main.storyboard;
			sourceTree = "<group>";
		};
		AD91FB362A01C2220058A85D /* LaunchScreen.storyboard */ = {
			isa = PBXVariantGroup;
			children = (
				AD91FB372A01C2220058A85D /* Base */,
			);
			name = LaunchScreen.storyboard;
			sourceTree = "<group>";
		};
/* End PBXVariantGroup section */

/* Begin XCBuildConfiguration section */
		AD91FB3A2A01C2220058A85D /* Debug */ = {
			isa = XCBuildConfiguration;
			buildSettings = {
				ALWAYS_SEARCH_USER_PATHS = NO;
				CLANG_ANALYZER_NONNULL = YES;
				CLANG_ANALYZER_NUMBER_OBJECT_CONVERSION = YES_AGGRESSIVE;
				CLANG_CXX_LANGUAGE_STANDARD = "gnu++20";
				CLANG_ENABLE_MODULES = YES;
				CLANG_ENABLE_OBJC_ARC = YES;
				CLANG_ENABLE_OBJC_WEAK = YES;
				CLANG_WARN_BLOCK_CAPTURE_AUTORELEASING = YES;
				CLANG_WARN_BOOL_CONVERSION = YES;
				CLANG_WARN_COMMA = YES;
				CLANG_WARN_CONSTANT_CONVERSION = YES;
				CLANG_WARN_DEPRECATED_OBJC_IMPLEMENTATIONS = YES;
				CLANG_WARN_DIRECT_OBJC_ISA_USAGE = YES_ERROR;
				CLANG_WARN_DOCUMENTATION_COMMENTS = YES;
				CLANG_WARN_EMPTY_BODY = YES;
				CLANG_WARN_ENUM_CONVERSION = YES;
				CLANG_WARN_INFINITE_RECURSION = YES;
				CLANG_WARN_INT_CONVERSION = YES;
				CLANG_WARN_NON_LITERAL_NULL_CONVERSION = YES;
				CLANG_WARN_OBJC_IMPLICIT_RETAIN_SELF = YES;
				CLANG_WARN_OBJC_LITERAL_CONVERSION = YES;
				CLANG_WARN_OBJC_ROOT_CLASS = YES_ERROR;
				CLANG_WARN_QUOTED_INCLUDE_IN_FRAMEWORK_HEADER = YES;
				CLANG_WARN_RANGE_LOOP_ANALYSIS = YES;
				CLANG_WARN_STRICT_PROTOTYPES = YES;
				CLANG_WARN_SUSPICIOUS_MOVE = YES;
				CLANG_WARN_UNGUARDED_AVAILABILITY = YES_AGGRESSIVE;
				CLANG_WARN_UNREACHABLE_CODE = YES;
				CLANG_WARN__DUPLICATE_METHOD_MATCH = YES;
				COPY_PHASE_STRIP = NO;
				DEBUG_INFORMATION_FORMAT = dwarf;
				ENABLE_STRICT_OBJC_MSGSEND = YES;
				ENABLE_TESTABILITY = YES;
				GCC_C_LANGUAGE_STANDARD = gnu11;
				GCC_DYNAMIC_NO_PIC = NO;
				GCC_NO_COMMON_BLOCKS = YES;
				GCC_OPTIMIZATION_LEVEL = 0;
				GCC_PREPROCESSOR_DEFINITIONS = (
					"DEBUG=1",
					"$(inherited)",
				);
				GCC_WARN_64_TO_32_BIT_CONVERSION = YES;
				GCC_WARN_ABOUT_RETURN_TYPE = YES_ERROR;
				GCC_WARN_UNDECLARED_SELECTOR = YES;
				GCC_WARN_UNINITIALIZED_AUTOS = YES_AGGRESSIVE;
				GCC_WARN_UNUSED_FUNCTION = YES;
				GCC_WARN_UNUSED_VARIABLE = YES;
				IPHONEOS_DEPLOYMENT_TARGET = 16.4;
				MTL_ENABLE_DEBUG_INFO = INCLUDE_SOURCE;
				MTL_FAST_MATH = YES;
				ONLY_ACTIVE_ARCH = YES;
				SDKROOT = iphoneos;
				SWIFT_ACTIVE_COMPILATION_CONDITIONS = DEBUG;
				SWIFT_OPTIMIZATION_LEVEL = "-Onone";
			};
			name = Debug;
		};
		AD91FB3B2A01C2220058A85D /* Release */ = {
			isa = XCBuildConfiguration;
			buildSettings = {
				ALWAYS_SEARCH_USER_PATHS = NO;
				CLANG_ANALYZER_NONNULL = YES;
				CLANG_ANALYZER_NUMBER_OBJECT_CONVERSION = YES_AGGRESSIVE;
				CLANG_CXX_LANGUAGE_STANDARD = "gnu++20";
				CLANG_ENABLE_MODULES = YES;
				CLANG_ENABLE_OBJC_ARC = YES;
				CLANG_ENABLE_OBJC_WEAK = YES;
				CLANG_WARN_BLOCK_CAPTURE_AUTORELEASING = YES;
				CLANG_WARN_BOOL_CONVERSION = YES;
				CLANG_WARN_COMMA = YES;
				CLANG_WARN_CONSTANT_CONVERSION = YES;
				CLANG_WARN_DEPRECATED_OBJC_IMPLEMENTATIONS = YES;
				CLANG_WARN_DIRECT_OBJC_ISA_USAGE = YES_ERROR;
				CLANG_WARN_DOCUMENTATION_COMMENTS = YES;
				CLANG_WARN_EMPTY_BODY = YES;
				CLANG_WARN_ENUM_CONVERSION = YES;
				CLANG_WARN_INFINITE_RECURSION = YES;
				CLANG_WARN_INT_CONVERSION = YES;
				CLANG_WARN_NON_LITERAL_NULL_CONVERSION = YES;
				CLANG_WARN_OBJC_IMPLICIT_RETAIN_SELF = YES;
				CLANG_WARN_OBJC_LITERAL_CONVERSION = YES;
				CLANG_WARN_OBJC_ROOT_CLASS = YES_ERROR;
				CLANG_WARN_QUOTED_INCLUDE_IN_FRAMEWORK_HEADER = YES;
				CLANG_WARN_RANGE_LOOP_ANALYSIS = YES;
				CLANG_WARN_STRICT_PROTOTYPES = YES;
				CLANG_WARN_SUSPICIOUS_MOVE = YES;
				CLANG_WARN_UNGUARDED_AVAILABILITY = YES_AGGRESSIVE;
				CLANG_WARN_UNREACHABLE_CODE = YES;
				CLANG_WARN__DUPLICATE_METHOD_MATCH = YES;
				COPY_PHASE_STRIP = NO;
				DEBUG_INFORMATION_FORMAT = "dwarf-with-dsym";
				ENABLE_NS_ASSERTIONS = NO;
				ENABLE_STRICT_OBJC_MSGSEND = YES;
				GCC_C_LANGUAGE_STANDARD = gnu11;
				GCC_NO_COMMON_BLOCKS = YES;
				GCC_WARN_64_TO_32_BIT_CONVERSION = YES;
				GCC_WARN_ABOUT_RETURN_TYPE = YES_ERROR;
				GCC_WARN_UNDECLARED_SELECTOR = YES;
				GCC_WARN_UNINITIALIZED_AUTOS = YES_AGGRESSIVE;
				GCC_WARN_UNUSED_FUNCTION = YES;
				GCC_WARN_UNUSED_VARIABLE = YES;
				IPHONEOS_DEPLOYMENT_TARGET = 16.4;
				MTL_ENABLE_DEBUG_INFO = NO;
				MTL_FAST_MATH = YES;
				SDKROOT = iphoneos;
				SWIFT_COMPILATION_MODE = wholemodule;
				SWIFT_OPTIMIZATION_LEVEL = "-O";
				VALIDATE_PRODUCT = YES;
			};
			name = Release;
		};
		AD91FB3D2A01C2220058A85D /* Debug */ = {
			isa = XCBuildConfiguration;
			buildSettings = {
				ASSETCATALOG_COMPILER_APPICON_NAME = AppIcon;
				ASSETCATALOG_COMPILER_GLOBAL_ACCENT_COLOR_NAME = AccentColor;
				CODE_SIGN_STYLE = Automatic;
				CURRENT_PROJECT_VERSION = 1;
				DEVELOPMENT_TEAM = T3US5DYTP5;
				GENERATE_INFOPLIST_FILE = YES;
				INFOPLIST_FILE = MeasurementApp/Info.plist;
				INFOPLIST_KEY_UIApplicationSupportsIndirectInputEvents = YES;
				INFOPLIST_KEY_UILaunchStoryboardName = LaunchScreen;
				INFOPLIST_KEY_UIMainStoryboardFile = Main;
				INFOPLIST_KEY_UISupportedInterfaceOrientations_iPad = "UIInterfaceOrientationPortrait UIInterfaceOrientationPortraitUpsideDown UIInterfaceOrientationLandscapeLeft UIInterfaceOrientationLandscapeRight";
				INFOPLIST_KEY_UISupportedInterfaceOrientations_iPhone = "UIInterfaceOrientationPortrait UIInterfaceOrientationLandscapeLeft UIInterfaceOrientationLandscapeRight";
				LD_RUNPATH_SEARCH_PATHS = (
					"$(inherited)",
					"@executable_path/Frameworks",
				);
				MARKETING_VERSION = 1.0;
				PRODUCT_BUNDLE_IDENTIFIER = test.MeasurementApp;
				PRODUCT_NAME = "$(TARGET_NAME)";
				SWIFT_EMIT_LOC_STRINGS = YES;
				SWIFT_VERSION = 5.0;
				TARGETED_DEVICE_FAMILY = "1,2";
			};
			name = Debug;
		};
		AD91FB3E2A01C2220058A85D /* Release */ = {
			isa = XCBuildConfiguration;
			buildSettings = {
				ASSETCATALOG_COMPILER_APPICON_NAME = AppIcon;
				ASSETCATALOG_COMPILER_GLOBAL_ACCENT_COLOR_NAME = AccentColor;
				CODE_SIGN_STYLE = Automatic;
				CURRENT_PROJECT_VERSION = 1;
				DEVELOPMENT_TEAM = T3US5DYTP5;
				GENERATE_INFOPLIST_FILE = YES;
				INFOPLIST_FILE = MeasurementApp/Info.plist;
				INFOPLIST_KEY_UIApplicationSupportsIndirectInputEvents = YES;
				INFOPLIST_KEY_UILaunchStoryboardName = LaunchScreen;
				INFOPLIST_KEY_UIMainStoryboardFile = Main;
				INFOPLIST_KEY_UISupportedInterfaceOrientations_iPad = "UIInterfaceOrientationPortrait UIInterfaceOrientationPortraitUpsideDown UIInterfaceOrientationLandscapeLeft UIInterfaceOrientationLandscapeRight";
				INFOPLIST_KEY_UISupportedInterfaceOrientations_iPhone = "UIInterfaceOrientationPortrait UIInterfaceOrientationLandscapeLeft UIInterfaceOrientationLandscapeRight";
				LD_RUNPATH_SEARCH_PATHS = (
					"$(inherited)",
					"@executable_path/Frameworks",
				);
				MARKETING_VERSION = 1.0;
				PRODUCT_BUNDLE_IDENTIFIER = test.MeasurementApp;
				PRODUCT_NAME = "$(TARGET_NAME)";
				SWIFT_EMIT_LOC_STRINGS = YES;
				SWIFT_VERSION = 5.0;
				TARGETED_DEVICE_FAMILY = "1,2";
			};
			name = Release;
		};
/* End XCBuildConfiguration section */

/* Begin XCConfigurationList section */
		AD91FB232A01C2210058A85D /* Build configuration list for PBXProject "MeasurementApp" */ = {
			isa = XCConfigurationList;
			buildConfigurations = (
				AD91FB3A2A01C2220058A85D /* Debug */,
				AD91FB3B2A01C2220058A85D /* Release */,
			);
			defaultConfigurationIsVisible = 0;
			defaultConfigurationName = Release;
		};
		AD91FB3C2A01C2220058A85D /* Build configuration list for PBXNativeTarget "MeasurementApp" */ = {
			isa = XCConfigurationList;
			buildConfigurations = (
				AD91FB3D2A01C2220058A85D /* Debug */,
				AD91FB3E2A01C2220058A85D /* Release */,
			);
			defaultConfigurationIsVisible = 0;
			defaultConfigurationName = Release;
		};
/* End XCConfigurationList section */
	};
	rootObject = AD91FB202A01C2210058A85D /* Project object */;
}
